
Microsoft Visual Studio Solution File, Format Version 12.00
# Visual Studio Version 17
VisualStudioVersion = 17.6.33723.286
MinimumVisualStudioVersion = 10.0.40219.1
Project("{9A19103F-16F7-4668-BE54-9A1E7A4F7556}") = "KitsLib.Base", "KitsLib.Base\KitsLib.Base.csproj", "{7AC134C5-1A72-44BA-BBBE-37860D1EC017}"
EndProject
Project("{9A19103F-16F7-4668-BE54-9A1E7A4F7556}") = "KitsLib.Base.Tests", "KitsLib.Tests\KitsLib.Base.Tests.csproj", "{F454056D-A9C7-4227-A99B-A0C883EDEF5C}"
EndProject
Project("{FAE04EC0-301F-11D3-BF4B-00C04F79EFBC}") = "KitsLib.SampleApp", "KitsLib.SampleApp\KitsLib.SampleApp.csproj", "{9B3010B3-1E39-4395-B775-8CB03D63052C}"
EndProject
Global
	GlobalSection(SolutionConfigurationPlatforms) = preSolution
		Debug|Any CPU = Debug|Any CPU
		Release|Any CPU = Release|Any CPU
	EndGlobalSection
	GlobalSection(ProjectConfigurationPlatforms) = postSolution
		{7AC134C5-1A72-44BA-BBBE-37860D1EC017}.Debug|Any CPU.ActiveCfg = Debug|Any CPU
		{7AC134C5-1A72-44BA-BBBE-37860D1EC017}.Debug|Any CPU.Build.0 = Debug|Any CPU
		{7AC134C5-1A72-44BA-BBBE-37860D1EC017}.Release|Any CPU.ActiveCfg = Release|Any CPU
		{7AC134C5-1A72-44BA-BBBE-37860D1EC017}.Release|Any CPU.Build.0 = Release|Any CPU
		{F454056D-A9C7-4227-A99B-A0C883EDEF5C}.Debug|Any CPU.ActiveCfg = Debug|Any CPU
		{F454056D-A9C7-4227-A99B-A0C883EDEF5C}.Debug|Any CPU.Build.0 = Debug|Any CPU
		{F454056D-A9C7-4227-A99B-A0C883EDEF5C}.Release|Any CPU.ActiveCfg = Release|Any CPU
		{F454056D-A9C7-4227-A99B-A0C883EDEF5C}.Release|Any CPU.Build.0 = Release|Any CPU
		{9B3010B3-1E39-4395-B775-8CB03D63052C}.Debug|Any CPU.ActiveCfg = Debug|Any CPU
		{9B3010B3-1E39-4395-B775-8CB03D63052C}.Debug|Any CPU.Build.0 = Debug|Any CPU
		{9B3010B3-1E39-4395-B775-8CB03D63052C}.Release|Any CPU.ActiveCfg = Release|Any CPU
		{9B3010B3-1E39-4395-B775-8CB03D63052C}.Release|Any CPU.Build.0 = Release|Any CPU
	EndGlobalSection
	GlobalSection(SolutionProperties) = preSolution
		HideSolutionNode = FALSE
	EndGlobalSection
	GlobalSection(ExtensibilityGlobals) = postSolution
		SolutionGuid = {826F0474-7974-41B0-91E2-8F2008A81832}
	EndGlobalSection
EndGlobal
